
Microsoft Visual Studio Solution File, Format Version 12.00
# Visual Studio 15
VisualStudioVersion = 15.0.27703.2042
MinimumVisualStudioVersion = 10.0.40219.1
Project("{FAE04EC0-301F-11D3-BF4B-00C04F79EFBC}") = "StarTrekClientWpf", "StarTrek\StarTrekClientWpf.csproj", "{6704AFE9-05A6-493C-BBF7-28541FDC96C9}"
EndProject
Project("{FAE04EC0-301F-11D3-BF4B-00C04F79EFBC}") = "StarTrekDomain", "StarTrekDomain\StarTrekDomain.csproj", "{D047D6CD-231E-4A93-A3A0-8E6E2C341D86}"
EndProject
Project("{FAE04EC0-301F-11D3-BF4B-00C04F79EFBC}") = "StarTrekClientWpf.Tests", "StarTrekTest\StarTrekClientWpf.Tests.csproj", "{21D08DE4-4041-4A06-A6D4-BB40736BF5EF}"
EndProject
Project("{FAE04EC0-301F-11D3-BF4B-00C04F79EFBC}") = "StarTrekServer", "StarTrekServer\StarTrekServer.csproj", "{8506256F-95E1-4A26-8216-2EFC7A7F84B3}"
EndProject
Project("{9A19103F-16F7-4668-BE54-9A1E7A4F7556}") = "StarTrekApi", "StarTrekApi\StarTrekApi.csproj", "{B5ADCAFC-EC29-42F8-9B89-22069204ECE7}"
EndProject
Project("{9A19103F-16F7-4668-BE54-9A1E7A4F7556}") = "StarTrekApi.Tests", "StarTrekApi.Tests\StarTrekApi.Tests.csproj", "{D9DF2D11-0489-459B-9A2C-E8DB3C71AF1D}"
EndProject
Project("{9A19103F-16F7-4668-BE54-9A1E7A4F7556}") = "StarTrekServerCore", "StarTrekServerCore\StarTrekServerCore.csproj", "{F9CFE78A-BD35-44B2-BE9E-1959567145BD}"
EndProject
Project("{9A19103F-16F7-4668-BE54-9A1E7A4F7556}") = "StarTrekServerCore.Tests", "StarTrekServerCore.Tests\StarTrekServerCore.Tests.csproj", "{925E60F6-479D-4552-8582-62466608048E}"
EndProject
Project("{FAE04EC0-301F-11D3-BF4B-00C04F79EFBC}") = "StarTrekServerCoreTest", "StarTrekServerCoreTest\StarTrekServerCoreTest.csproj", "{254AB734-736B-4D95-80DD-9240EB6230A6}"
EndProject
Project("{FAE04EC0-301F-11D3-BF4B-00C04F79EFBC}") = "StarTrekClientUW", "StarTrekUniversalWindowsClient\StarTrekClientUW.csproj", "{D377ED96-AF52-43B1-9D9E-47E48707064F}"
EndProject
Global
	GlobalSection(SolutionConfigurationPlatforms) = preSolution
		Debug|Any CPU = Debug|Any CPU
		Debug|ARM = Debug|ARM
		Debug|x64 = Debug|x64
		Debug|x86 = Debug|x86
		Release|Any CPU = Release|Any CPU
		Release|ARM = Release|ARM
		Release|x64 = Release|x64
		Release|x86 = Release|x86
	EndGlobalSection
	GlobalSection(ProjectConfigurationPlatforms) = postSolution
		{6704AFE9-05A6-493C-BBF7-28541FDC96C9}.Debug|Any CPU.ActiveCfg = Debug|Any CPU
		{6704AFE9-05A6-493C-BBF7-28541FDC96C9}.Debug|Any CPU.Build.0 = Debug|Any CPU
		{6704AFE9-05A6-493C-BBF7-28541FDC96C9}.Debug|ARM.ActiveCfg = Debug|Any CPU
		{6704AFE9-05A6-493C-BBF7-28541FDC96C9}.Debug|ARM.Build.0 = Debug|Any CPU
		{6704AFE9-05A6-493C-BBF7-28541FDC96C9}.Debug|x64.ActiveCfg = Debug|Any CPU
		{6704AFE9-05A6-493C-BBF7-28541FDC96C9}.Debug|x64.Build.0 = Debug|Any CPU
		{6704AFE9-05A6-493C-BBF7-28541FDC96C9}.Debug|x86.ActiveCfg = Debug|Any CPU
		{6704AFE9-05A6-493C-BBF7-28541FDC96C9}.Debug|x86.Build.0 = Debug|Any CPU
		{6704AFE9-05A6-493C-BBF7-28541FDC96C9}.Release|Any CPU.ActiveCfg = Release|Any CPU
		{6704AFE9-05A6-493C-BBF7-28541FDC96C9}.Release|Any CPU.Build.0 = Release|Any CPU
		{6704AFE9-05A6-493C-BBF7-28541FDC96C9}.Release|ARM.ActiveCfg = Release|Any CPU
		{6704AFE9-05A6-493C-BBF7-28541FDC96C9}.Release|ARM.Build.0 = Release|Any CPU
		{6704AFE9-05A6-493C-BBF7-28541FDC96C9}.Release|x64.ActiveCfg = Release|Any CPU
		{6704AFE9-05A6-493C-BBF7-28541FDC96C9}.Release|x64.Build.0 = Release|Any CPU
		{6704AFE9-05A6-493C-BBF7-28541FDC96C9}.Release|x86.ActiveCfg = Release|Any CPU
		{6704AFE9-05A6-493C-BBF7-28541FDC96C9}.Release|x86.Build.0 = Release|Any CPU
		{D047D6CD-231E-4A93-A3A0-8E6E2C341D86}.Debug|Any CPU.ActiveCfg = Debug|Any CPU
		{D047D6CD-231E-4A93-A3A0-8E6E2C341D86}.Debug|Any CPU.Build.0 = Debug|Any CPU
		{D047D6CD-231E-4A93-A3A0-8E6E2C341D86}.Debug|ARM.ActiveCfg = Debug|Any CPU
		{D047D6CD-231E-4A93-A3A0-8E6E2C341D86}.Debug|ARM.Build.0 = Debug|Any CPU
		{D047D6CD-231E-4A93-A3A0-8E6E2C341D86}.Debug|x64.ActiveCfg = Debug|Any CPU
		{D047D6CD-231E-4A93-A3A0-8E6E2C341D86}.Debug|x64.Build.0 = Debug|Any CPU
		{D047D6CD-231E-4A93-A3A0-8E6E2C341D86}.Debug|x86.ActiveCfg = Debug|Any CPU
		{D047D6CD-231E-4A93-A3A0-8E6E2C341D86}.Debug|x86.Build.0 = Debug|Any CPU
		{D047D6CD-231E-4A93-A3A0-8E6E2C341D86}.Release|Any CPU.ActiveCfg = Release|Any CPU
		{D047D6CD-231E-4A93-A3A0-8E6E2C341D86}.Release|Any CPU.Build.0 = Release|Any CPU
		{D047D6CD-231E-4A93-A3A0-8E6E2C341D86}.Release|ARM.ActiveCfg = Release|Any CPU
		{D047D6CD-231E-4A93-A3A0-8E6E2C341D86}.Release|ARM.Build.0 = Release|Any CPU
		{D047D6CD-231E-4A93-A3A0-8E6E2C341D86}.Release|x64.ActiveCfg = Release|Any CPU
		{D047D6CD-231E-4A93-A3A0-8E6E2C341D86}.Release|x64.Build.0 = Release|Any CPU
		{D047D6CD-231E-4A93-A3A0-8E6E2C341D86}.Release|x86.ActiveCfg = Release|Any CPU
		{D047D6CD-231E-4A93-A3A0-8E6E2C341D86}.Release|x86.Build.0 = Release|Any CPU
		{21D08DE4-4041-4A06-A6D4-BB40736BF5EF}.Debug|Any CPU.ActiveCfg = Debug|Any CPU
		{21D08DE4-4041-4A06-A6D4-BB40736BF5EF}.Debug|Any CPU.Build.0 = Debug|Any CPU
		{21D08DE4-4041-4A06-A6D4-BB40736BF5EF}.Debug|ARM.ActiveCfg = Debug|Any CPU
		{21D08DE4-4041-4A06-A6D4-BB40736BF5EF}.Debug|ARM.Build.0 = Debug|Any CPU
		{21D08DE4-4041-4A06-A6D4-BB40736BF5EF}.Debug|x64.ActiveCfg = Debug|Any CPU
		{21D08DE4-4041-4A06-A6D4-BB40736BF5EF}.Debug|x64.Build.0 = Debug|Any CPU
		{21D08DE4-4041-4A06-A6D4-BB40736BF5EF}.Debug|x86.ActiveCfg = Debug|Any CPU
		{21D08DE4-4041-4A06-A6D4-BB40736BF5EF}.Debug|x86.Build.0 = Debug|Any CPU
		{21D08DE4-4041-4A06-A6D4-BB40736BF5EF}.Release|Any CPU.ActiveCfg = Release|Any CPU
		{21D08DE4-4041-4A06-A6D4-BB40736BF5EF}.Release|Any CPU.Build.0 = Release|Any CPU
		{21D08DE4-4041-4A06-A6D4-BB40736BF5EF}.Release|ARM.ActiveCfg = Release|Any CPU
		{21D08DE4-4041-4A06-A6D4-BB40736BF5EF}.Release|ARM.Build.0 = Release|Any CPU
		{21D08DE4-4041-4A06-A6D4-BB40736BF5EF}.Release|x64.ActiveCfg = Release|Any CPU
		{21D08DE4-4041-4A06-A6D4-BB40736BF5EF}.Release|x64.Build.0 = Release|Any CPU
		{21D08DE4-4041-4A06-A6D4-BB40736BF5EF}.Release|x86.ActiveCfg = Release|Any CPU
		{21D08DE4-4041-4A06-A6D4-BB40736BF5EF}.Release|x86.Build.0 = Release|Any CPU
		{8506256F-95E1-4A26-8216-2EFC7A7F84B3}.Debug|Any CPU.ActiveCfg = Debug|Any CPU
		{8506256F-95E1-4A26-8216-2EFC7A7F84B3}.Debug|Any CPU.Build.0 = Debug|Any CPU
		{8506256F-95E1-4A26-8216-2EFC7A7F84B3}.Debug|ARM.ActiveCfg = Debug|Any CPU
		{8506256F-95E1-4A26-8216-2EFC7A7F84B3}.Debug|ARM.Build.0 = Debug|Any CPU
		{8506256F-95E1-4A26-8216-2EFC7A7F84B3}.Debug|x64.ActiveCfg = Debug|Any CPU
		{8506256F-95E1-4A26-8216-2EFC7A7F84B3}.Debug|x64.Build.0 = Debug|Any CPU
		{8506256F-95E1-4A26-8216-2EFC7A7F84B3}.Debug|x86.ActiveCfg = Debug|Any CPU
		{8506256F-95E1-4A26-8216-2EFC7A7F84B3}.Debug|x86.Build.0 = Debug|Any CPU
		{8506256F-95E1-4A26-8216-2EFC7A7F84B3}.Release|Any CPU.ActiveCfg = Release|Any CPU
		{8506256F-95E1-4A26-8216-2EFC7A7F84B3}.Release|Any CPU.Build.0 = Release|Any CPU
		{8506256F-95E1-4A26-8216-2EFC7A7F84B3}.Release|ARM.ActiveCfg = Release|Any CPU
		{8506256F-95E1-4A26-8216-2EFC7A7F84B3}.Release|ARM.Build.0 = Release|Any CPU
		{8506256F-95E1-4A26-8216-2EFC7A7F84B3}.Release|x64.ActiveCfg = Release|Any CPU
		{8506256F-95E1-4A26-8216-2EFC7A7F84B3}.Release|x64.Build.0 = Release|Any CPU
		{8506256F-95E1-4A26-8216-2EFC7A7F84B3}.Release|x86.ActiveCfg = Release|Any CPU
		{8506256F-95E1-4A26-8216-2EFC7A7F84B3}.Release|x86.Build.0 = Release|Any CPU
		{B5ADCAFC-EC29-42F8-9B89-22069204ECE7}.Debug|Any CPU.ActiveCfg = Debug|Any CPU
		{B5ADCAFC-EC29-42F8-9B89-22069204ECE7}.Debug|Any CPU.Build.0 = Debug|Any CPU
		{B5ADCAFC-EC29-42F8-9B89-22069204ECE7}.Debug|ARM.ActiveCfg = Debug|Any CPU
		{B5ADCAFC-EC29-42F8-9B89-22069204ECE7}.Debug|ARM.Build.0 = Debug|Any CPU
		{B5ADCAFC-EC29-42F8-9B89-22069204ECE7}.Debug|x64.ActiveCfg = Debug|Any CPU
		{B5ADCAFC-EC29-42F8-9B89-22069204ECE7}.Debug|x64.Build.0 = Debug|Any CPU
		{B5ADCAFC-EC29-42F8-9B89-22069204ECE7}.Debug|x86.ActiveCfg = Debug|Any CPU
		{B5ADCAFC-EC29-42F8-9B89-22069204ECE7}.Debug|x86.Build.0 = Debug|Any CPU
		{B5ADCAFC-EC29-42F8-9B89-22069204ECE7}.Release|Any CPU.ActiveCfg = Release|Any CPU
		{B5ADCAFC-EC29-42F8-9B89-22069204ECE7}.Release|Any CPU.Build.0 = Release|Any CPU
		{B5ADCAFC-EC29-42F8-9B89-22069204ECE7}.Release|ARM.ActiveCfg = Release|Any CPU
		{B5ADCAFC-EC29-42F8-9B89-22069204ECE7}.Release|ARM.Build.0 = Release|Any CPU
		{B5ADCAFC-EC29-42F8-9B89-22069204ECE7}.Release|x64.ActiveCfg = Release|Any CPU
		{B5ADCAFC-EC29-42F8-9B89-22069204ECE7}.Release|x64.Build.0 = Release|Any CPU
		{B5ADCAFC-EC29-42F8-9B89-22069204ECE7}.Release|x86.ActiveCfg = Release|Any CPU
		{B5ADCAFC-EC29-42F8-9B89-22069204ECE7}.Release|x86.Build.0 = Release|Any CPU
		{D9DF2D11-0489-459B-9A2C-E8DB3C71AF1D}.Debug|Any CPU.ActiveCfg = Debug|Any CPU
		{D9DF2D11-0489-459B-9A2C-E8DB3C71AF1D}.Debug|Any CPU.Build.0 = Debug|Any CPU
		{D9DF2D11-0489-459B-9A2C-E8DB3C71AF1D}.Debug|ARM.ActiveCfg = Debug|Any CPU
		{D9DF2D11-0489-459B-9A2C-E8DB3C71AF1D}.Debug|ARM.Build.0 = Debug|Any CPU
		{D9DF2D11-0489-459B-9A2C-E8DB3C71AF1D}.Debug|x64.ActiveCfg = Debug|Any CPU
		{D9DF2D11-0489-459B-9A2C-E8DB3C71AF1D}.Debug|x64.Build.0 = Debug|Any CPU
		{D9DF2D11-0489-459B-9A2C-E8DB3C71AF1D}.Debug|x86.ActiveCfg = Debug|Any CPU
		{D9DF2D11-0489-459B-9A2C-E8DB3C71AF1D}.Debug|x86.Build.0 = Debug|Any CPU
		{D9DF2D11-0489-459B-9A2C-E8DB3C71AF1D}.Release|Any CPU.ActiveCfg = Release|Any CPU
		{D9DF2D11-0489-459B-9A2C-E8DB3C71AF1D}.Release|Any CPU.Build.0 = Release|Any CPU
		{D9DF2D11-0489-459B-9A2C-E8DB3C71AF1D}.Release|ARM.ActiveCfg = Release|Any CPU
		{D9DF2D11-0489-459B-9A2C-E8DB3C71AF1D}.Release|ARM.Build.0 = Release|Any CPU
		{D9DF2D11-0489-459B-9A2C-E8DB3C71AF1D}.Release|x64.ActiveCfg = Release|Any CPU
		{D9DF2D11-0489-459B-9A2C-E8DB3C71AF1D}.Release|x64.Build.0 = Release|Any CPU
		{D9DF2D11-0489-459B-9A2C-E8DB3C71AF1D}.Release|x86.ActiveCfg = Release|Any CPU
		{D9DF2D11-0489-459B-9A2C-E8DB3C71AF1D}.Release|x86.Build.0 = Release|Any CPU
		{F9CFE78A-BD35-44B2-BE9E-1959567145BD}.Debug|Any CPU.ActiveCfg = Debug|Any CPU
		{F9CFE78A-BD35-44B2-BE9E-1959567145BD}.Debug|Any CPU.Build.0 = Debug|Any CPU
		{F9CFE78A-BD35-44B2-BE9E-1959567145BD}.Debug|ARM.ActiveCfg = Debug|Any CPU
		{F9CFE78A-BD35-44B2-BE9E-1959567145BD}.Debug|ARM.Build.0 = Debug|Any CPU
		{F9CFE78A-BD35-44B2-BE9E-1959567145BD}.Debug|x64.ActiveCfg = Debug|Any CPU
		{F9CFE78A-BD35-44B2-BE9E-1959567145BD}.Debug|x64.Build.0 = Debug|Any CPU
		{F9CFE78A-BD35-44B2-BE9E-1959567145BD}.Debug|x86.ActiveCfg = Debug|Any CPU
		{F9CFE78A-BD35-44B2-BE9E-1959567145BD}.Debug|x86.Build.0 = Debug|Any CPU
		{F9CFE78A-BD35-44B2-BE9E-1959567145BD}.Release|Any CPU.ActiveCfg = Release|Any CPU
		{F9CFE78A-BD35-44B2-BE9E-1959567145BD}.Release|Any CPU.Build.0 = Release|Any CPU
		{F9CFE78A-BD35-44B2-BE9E-1959567145BD}.Release|ARM.ActiveCfg = Release|Any CPU
		{F9CFE78A-BD35-44B2-BE9E-1959567145BD}.Release|ARM.Build.0 = Release|Any CPU
		{F9CFE78A-BD35-44B2-BE9E-1959567145BD}.Release|x64.ActiveCfg = Release|Any CPU
		{F9CFE78A-BD35-44B2-BE9E-1959567145BD}.Release|x64.Build.0 = Release|Any CPU
		{F9CFE78A-BD35-44B2-BE9E-1959567145BD}.Release|x86.ActiveCfg = Release|Any CPU
		{F9CFE78A-BD35-44B2-BE9E-1959567145BD}.Release|x86.Build.0 = Release|Any CPU
		{925E60F6-479D-4552-8582-62466608048E}.Debug|Any CPU.ActiveCfg = Debug|Any CPU
		{925E60F6-479D-4552-8582-62466608048E}.Debug|Any CPU.Build.0 = Debug|Any CPU
		{925E60F6-479D-4552-8582-62466608048E}.Debug|ARM.ActiveCfg = Debug|Any CPU
		{925E60F6-479D-4552-8582-62466608048E}.Debug|ARM.Build.0 = Debug|Any CPU
		{925E60F6-479D-4552-8582-62466608048E}.Debug|x64.ActiveCfg = Debug|Any CPU
		{925E60F6-479D-4552-8582-62466608048E}.Debug|x64.Build.0 = Debug|Any CPU
		{925E60F6-479D-4552-8582-62466608048E}.Debug|x86.ActiveCfg = Debug|Any CPU
		{925E60F6-479D-4552-8582-62466608048E}.Debug|x86.Build.0 = Debug|Any CPU
		{925E60F6-479D-4552-8582-62466608048E}.Release|Any CPU.ActiveCfg = Release|Any CPU
		{925E60F6-479D-4552-8582-62466608048E}.Release|Any CPU.Build.0 = Release|Any CPU
		{925E60F6-479D-4552-8582-62466608048E}.Release|ARM.ActiveCfg = Release|Any CPU
		{925E60F6-479D-4552-8582-62466608048E}.Release|ARM.Build.0 = Release|Any CPU
		{925E60F6-479D-4552-8582-62466608048E}.Release|x64.ActiveCfg = Release|Any CPU
		{925E60F6-479D-4552-8582-62466608048E}.Release|x64.Build.0 = Release|Any CPU
		{925E60F6-479D-4552-8582-62466608048E}.Release|x86.ActiveCfg = Release|Any CPU
		{925E60F6-479D-4552-8582-62466608048E}.Release|x86.Build.0 = Release|Any CPU
		{254AB734-736B-4D95-80DD-9240EB6230A6}.Debug|Any CPU.ActiveCfg = Debug|Any CPU
		{254AB734-736B-4D95-80DD-9240EB6230A6}.Debug|Any CPU.Build.0 = Debug|Any CPU
		{254AB734-736B-4D95-80DD-9240EB6230A6}.Debug|ARM.ActiveCfg = Debug|Any CPU
		{254AB734-736B-4D95-80DD-9240EB6230A6}.Debug|ARM.Build.0 = Debug|Any CPU
		{254AB734-736B-4D95-80DD-9240EB6230A6}.Debug|x64.ActiveCfg = Debug|Any CPU
		{254AB734-736B-4D95-80DD-9240EB6230A6}.Debug|x64.Build.0 = Debug|Any CPU
		{254AB734-736B-4D95-80DD-9240EB6230A6}.Debug|x86.ActiveCfg = Debug|Any CPU
		{254AB734-736B-4D95-80DD-9240EB6230A6}.Debug|x86.Build.0 = Debug|Any CPU
		{254AB734-736B-4D95-80DD-9240EB6230A6}.Release|Any CPU.ActiveCfg = Release|Any CPU
		{254AB734-736B-4D95-80DD-9240EB6230A6}.Release|Any CPU.Build.0 = Release|Any CPU
		{254AB734-736B-4D95-80DD-9240EB6230A6}.Release|ARM.ActiveCfg = Release|Any CPU
		{254AB734-736B-4D95-80DD-9240EB6230A6}.Release|ARM.Build.0 = Release|Any CPU
		{254AB734-736B-4D95-80DD-9240EB6230A6}.Release|x64.ActiveCfg = Release|Any CPU
		{254AB734-736B-4D95-80DD-9240EB6230A6}.Release|x64.Build.0 = Release|Any CPU
		{254AB734-736B-4D95-80DD-9240EB6230A6}.Release|x86.ActiveCfg = Release|Any CPU
		{254AB734-736B-4D95-80DD-9240EB6230A6}.Release|x86.Build.0 = Release|Any CPU
		{D377ED96-AF52-43B1-9D9E-47E48707064F}.Debug|Any CPU.ActiveCfg = Debug|x86
		{D377ED96-AF52-43B1-9D9E-47E48707064F}.Debug|ARM.ActiveCfg = Debug|ARM
		{D377ED96-AF52-43B1-9D9E-47E48707064F}.Debug|ARM.Build.0 = Debug|ARM
		{D377ED96-AF52-43B1-9D9E-47E48707064F}.Debug|ARM.Deploy.0 = Debug|ARM
		{D377ED96-AF52-43B1-9D9E-47E48707064F}.Debug|x64.ActiveCfg = Debug|x64
		{D377ED96-AF52-43B1-9D9E-47E48707064F}.Debug|x64.Build.0 = Debug|x64
		{D377ED96-AF52-43B1-9D9E-47E48707064F}.Debug|x64.Deploy.0 = Debug|x64
		{D377ED96-AF52-43B1-9D9E-47E48707064F}.Debug|x86.ActiveCfg = Debug|x86
		{D377ED96-AF52-43B1-9D9E-47E48707064F}.Debug|x86.Build.0 = Debug|x86
		{D377ED96-AF52-43B1-9D9E-47E48707064F}.Debug|x86.Deploy.0 = Debug|x86
		{D377ED96-AF52-43B1-9D9E-47E48707064F}.Release|Any CPU.ActiveCfg = Release|x86
		{D377ED96-AF52-43B1-9D9E-47E48707064F}.Release|ARM.ActiveCfg = Release|ARM
		{D377ED96-AF52-43B1-9D9E-47E48707064F}.Release|ARM.Build.0 = Release|ARM
		{D377ED96-AF52-43B1-9D9E-47E48707064F}.Release|ARM.Deploy.0 = Release|ARM
		{D377ED96-AF52-43B1-9D9E-47E48707064F}.Release|x64.ActiveCfg = Release|x64
		{D377ED96-AF52-43B1-9D9E-47E48707064F}.Release|x64.Build.0 = Release|x64
		{D377ED96-AF52-43B1-9D9E-47E48707064F}.Release|x64.Deploy.0 = Release|x64
		{D377ED96-AF52-43B1-9D9E-47E48707064F}.Release|x86.ActiveCfg = Release|x86
		{D377ED96-AF52-43B1-9D9E-47E48707064F}.Release|x86.Build.0 = Release|x86
		{D377ED96-AF52-43B1-9D9E-47E48707064F}.Release|x86.Deploy.0 = Release|x86
	EndGlobalSection
	GlobalSection(SolutionProperties) = preSolution
		HideSolutionNode = FALSE
	EndGlobalSection
	GlobalSection(ExtensibilityGlobals) = postSolution
		SolutionGuid = {9AFF4641-B219-4D40-9574-890AFAD054A9}
	EndGlobalSection
EndGlobal
