
Microsoft Visual Studio Solution File, Format Version 12.00
# Visual Studio 14
VisualStudioVersion = 14.0.25420.1
MinimumVisualStudioVersion = 10.0.40219.1
Project("{FAE04EC0-301F-11D3-BF4B-00C04F79EFBC}") = "StarTrek", "StarTrek\StarTrek.csproj", "{6704AFE9-05A6-493C-BBF7-28541FDC96C9}"
EndProject
Project("{FAE04EC0-301F-11D3-BF4B-00C04F79EFBC}") = "StarTrekDomain", "StarTrekDomain\StarTrekDomain.csproj", "{D047D6CD-231E-4A93-A3A0-8E6E2C341D86}"
EndProject
Project("{FAE04EC0-301F-11D3-BF4B-00C04F79EFBC}") = "StarTrekTest", "StarTrekTest\StarTrekTest.csproj", "{21D08DE4-4041-4A06-A6D4-BB40736BF5EF}"
EndProject
Project("{FAE04EC0-301F-11D3-BF4B-00C04F79EFBC}") = "StarTrekServer", "StarTrekServer\StarTrekServer.csproj", "{8506256F-95E1-4A26-8216-2EFC7A7F84B3}"
EndProject
Global
	GlobalSection(SolutionConfigurationPlatforms) = preSolution
		Debug|Any CPU = Debug|Any CPU
		Release|Any CPU = Release|Any CPU
	EndGlobalSection
	GlobalSection(ProjectConfigurationPlatforms) = postSolution
		{6704AFE9-05A6-493C-BBF7-28541FDC96C9}.Debug|Any CPU.ActiveCfg = Debug|Any CPU
		{6704AFE9-05A6-493C-BBF7-28541FDC96C9}.Debug|Any CPU.Build.0 = Debug|Any CPU
		{6704AFE9-05A6-493C-BBF7-28541FDC96C9}.Release|Any CPU.ActiveCfg = Release|Any CPU
		{6704AFE9-05A6-493C-BBF7-28541FDC96C9}.Release|Any CPU.Build.0 = Release|Any CPU
		{D047D6CD-231E-4A93-A3A0-8E6E2C341D86}.Debug|Any CPU.ActiveCfg = Debug|Any CPU
		{D047D6CD-231E-4A93-A3A0-8E6E2C341D86}.Debug|Any CPU.Build.0 = Debug|Any CPU
		{D047D6CD-231E-4A93-A3A0-8E6E2C341D86}.Release|Any CPU.ActiveCfg = Release|Any CPU
		{D047D6CD-231E-4A93-A3A0-8E6E2C341D86}.Release|Any CPU.Build.0 = Release|Any CPU
		{21D08DE4-4041-4A06-A6D4-BB40736BF5EF}.Debug|Any CPU.ActiveCfg = Debug|Any CPU
		{21D08DE4-4041-4A06-A6D4-BB40736BF5EF}.Debug|Any CPU.Build.0 = Debug|Any CPU
		{21D08DE4-4041-4A06-A6D4-BB40736BF5EF}.Release|Any CPU.ActiveCfg = Release|Any CPU
		{21D08DE4-4041-4A06-A6D4-BB40736BF5EF}.Release|Any CPU.Build.0 = Release|Any CPU
		{8506256F-95E1-4A26-8216-2EFC7A7F84B3}.Debug|Any CPU.ActiveCfg = Debug|Any CPU
		{8506256F-95E1-4A26-8216-2EFC7A7F84B3}.Debug|Any CPU.Build.0 = Debug|Any CPU
		{8506256F-95E1-4A26-8216-2EFC7A7F84B3}.Release|Any CPU.ActiveCfg = Release|Any CPU
		{8506256F-95E1-4A26-8216-2EFC7A7F84B3}.Release|Any CPU.Build.0 = Release|Any CPU
	EndGlobalSection
	GlobalSection(SolutionProperties) = preSolution
		HideSolutionNode = FALSE
	EndGlobalSection
EndGlobal
